// !$*UTF8*$!
{
	archiveVersion = 1;
	classes = {
	};
	objectVersion = 55;
	objects = {

/* Begin PBXBuildFile section */
		1E06BD1A286D201300CF083B /* CalView.swift in Sources */ = {isa = PBXBuildFile; fileRef = 1E06BD19286D201300CF083B /* CalView.swift */; };
		1E06BD1D286D36AA00CF083B /* MonthView.swift in Sources */ = {isa = PBXBuildFile; fileRef = 1E06BD1C286D36AA00CF083B /* MonthView.swift */; };
		1E06BD1F286D37C700CF083B /* WeekView.swift in Sources */ = {isa = PBXBuildFile; fileRef = 1E06BD1E286D37C700CF083B /* WeekView.swift */; };
		1E06BD21286D37F400CF083B /* CalendarView.swift in Sources */ = {isa = PBXBuildFile; fileRef = 1E06BD20286D37F400CF083B /* CalendarView.swift */; };
		1E06BD23286D3F5900CF083B /* WorkoutMonthView.swift in Sources */ = {isa = PBXBuildFile; fileRef = 1E06BD22286D3F5900CF083B /* WorkoutMonthView.swift */; };
		1E17A33D2868D33100039D24 /* EnumManager.swift in Sources */ = {isa = PBXBuildFile; fileRef = 1E17A33C2868D33100039D24 /* EnumManager.swift */; };
		1ED0B07128652D40004B4536 /* backgroundsApp.swift in Sources */ = {isa = PBXBuildFile; fileRef = 1ED0B07028652D40004B4536 /* backgroundsApp.swift */; };
		1ED0B07328652D40004B4536 /* ContentView.swift in Sources */ = {isa = PBXBuildFile; fileRef = 1ED0B07228652D40004B4536 /* ContentView.swift */; };
		1ED0B07528652D42004B4536 /* Assets.xcassets in Resources */ = {isa = PBXBuildFile; fileRef = 1ED0B07428652D42004B4536 /* Assets.xcassets */; };
		1ED0B07828652D42004B4536 /* Preview Assets.xcassets in Resources */ = {isa = PBXBuildFile; fileRef = 1ED0B07728652D42004B4536 /* Preview Assets.xcassets */; };
		1ED0B08028652E80004B4536 /* HealthstoreManager.swift in Sources */ = {isa = PBXBuildFile; fileRef = 1ED0B07F28652E80004B4536 /* HealthstoreManager.swift */; };
		1ED0B08328652F0E004B4536 /* WelcomeView.swift in Sources */ = {isa = PBXBuildFile; fileRef = 1ED0B08228652F0E004B4536 /* WelcomeView.swift */; };
		1ED0B0852865323E004B4536 /* InformationView.swift in Sources */ = {isa = PBXBuildFile; fileRef = 1ED0B0842865323E004B4536 /* InformationView.swift */; };
		1ED0B08928653F4C004B4536 /* HealthKit.framework in Frameworks */ = {isa = PBXBuildFile; fileRef = 1ED0B08828653F4C004B4536 /* HealthKit.framework */; };
		1ED0B08B28653FA7004B4536 /* InaccessibleView.swift in Sources */ = {isa = PBXBuildFile; fileRef = 1ED0B08A28653FA7004B4536 /* InaccessibleView.swift */; };
		1ED0B08D2867A400004B4536 /* UtilityManager.swift in Sources */ = {isa = PBXBuildFile; fileRef = 1ED0B08C2867A400004B4536 /* UtilityManager.swift */; };
		1ED0B08F2867A7D7004B4536 /* DefaultsManager.swift in Sources */ = {isa = PBXBuildFile; fileRef = 1ED0B08E2867A7D7004B4536 /* DefaultsManager.swift */; };
		1ED0B0912867AEEA004B4536 /* ConstantKeysManager.swift in Sources */ = {isa = PBXBuildFile; fileRef = 1ED0B0902867AEEA004B4536 /* ConstantKeysManager.swift */; };
		1ED0B0932867AFF8004B4536 /* RegisterView.swift in Sources */ = {isa = PBXBuildFile; fileRef = 1ED0B0922867AFF8004B4536 /* RegisterView.swift */; };
		1ED0B0952867C757004B4536 /* ExtensionManager.swift in Sources */ = {isa = PBXBuildFile; fileRef = 1ED0B0942867C756004B4536 /* ExtensionManager.swift */; };
/* End PBXBuildFile section */

/* Begin PBXFileReference section */
		1E06BD19286D201300CF083B /* CalView.swift */ = {isa = PBXFileReference; lastKnownFileType = sourcecode.swift; path = CalView.swift; sourceTree = "<group>"; };
		1E06BD1C286D36AA00CF083B /* MonthView.swift */ = {isa = PBXFileReference; lastKnownFileType = sourcecode.swift; path = MonthView.swift; sourceTree = "<group>"; };
		1E06BD1E286D37C700CF083B /* WeekView.swift */ = {isa = PBXFileReference; lastKnownFileType = sourcecode.swift; path = WeekView.swift; sourceTree = "<group>"; };
		1E06BD20286D37F400CF083B /* CalendarView.swift */ = {isa = PBXFileReference; lastKnownFileType = sourcecode.swift; path = CalendarView.swift; sourceTree = "<group>"; };
		1E06BD22286D3F5900CF083B /* WorkoutMonthView.swift */ = {isa = PBXFileReference; lastKnownFileType = sourcecode.swift; path = WorkoutMonthView.swift; sourceTree = "<group>"; };
		1E17A33C2868D33100039D24 /* EnumManager.swift */ = {isa = PBXFileReference; lastKnownFileType = sourcecode.swift; path = EnumManager.swift; sourceTree = "<group>"; };
		1ED0B06D28652D40004B4536 /* backgrounds.app */ = {isa = PBXFileReference; explicitFileType = wrapper.application; includeInIndex = 0; path = backgrounds.app; sourceTree = BUILT_PRODUCTS_DIR; };
		1ED0B07028652D40004B4536 /* backgroundsApp.swift */ = {isa = PBXFileReference; lastKnownFileType = sourcecode.swift; path = backgroundsApp.swift; sourceTree = "<group>"; };
		1ED0B07228652D40004B4536 /* ContentView.swift */ = {isa = PBXFileReference; lastKnownFileType = sourcecode.swift; path = ContentView.swift; sourceTree = "<group>"; };
		1ED0B07428652D42004B4536 /* Assets.xcassets */ = {isa = PBXFileReference; lastKnownFileType = folder.assetcatalog; path = Assets.xcassets; sourceTree = "<group>"; };
		1ED0B07728652D42004B4536 /* Preview Assets.xcassets */ = {isa = PBXFileReference; lastKnownFileType = folder.assetcatalog; path = "Preview Assets.xcassets"; sourceTree = "<group>"; };
		1ED0B07F28652E80004B4536 /* HealthstoreManager.swift */ = {isa = PBXFileReference; lastKnownFileType = sourcecode.swift; path = HealthstoreManager.swift; sourceTree = "<group>"; };
		1ED0B08228652F0E004B4536 /* WelcomeView.swift */ = {isa = PBXFileReference; lastKnownFileType = sourcecode.swift; path = WelcomeView.swift; sourceTree = "<group>"; };
		1ED0B0842865323E004B4536 /* InformationView.swift */ = {isa = PBXFileReference; lastKnownFileType = sourcecode.swift; path = InformationView.swift; sourceTree = "<group>"; };
		1ED0B08628653F4B004B4536 /* backgrounds.entitlements */ = {isa = PBXFileReference; lastKnownFileType = text.plist.entitlements; path = backgrounds.entitlements; sourceTree = "<group>"; };
		1ED0B08828653F4C004B4536 /* HealthKit.framework */ = {isa = PBXFileReference; lastKnownFileType = wrapper.framework; name = HealthKit.framework; path = System/Library/Frameworks/HealthKit.framework; sourceTree = SDKROOT; };
		1ED0B08A28653FA7004B4536 /* InaccessibleView.swift */ = {isa = PBXFileReference; lastKnownFileType = sourcecode.swift; path = InaccessibleView.swift; sourceTree = "<group>"; };
		1ED0B08C2867A400004B4536 /* UtilityManager.swift */ = {isa = PBXFileReference; lastKnownFileType = sourcecode.swift; path = UtilityManager.swift; sourceTree = "<group>"; };
		1ED0B08E2867A7D7004B4536 /* DefaultsManager.swift */ = {isa = PBXFileReference; lastKnownFileType = sourcecode.swift; path = DefaultsManager.swift; sourceTree = "<group>"; };
		1ED0B0902867AEEA004B4536 /* ConstantKeysManager.swift */ = {isa = PBXFileReference; lastKnownFileType = sourcecode.swift; path = ConstantKeysManager.swift; sourceTree = "<group>"; };
		1ED0B0922867AFF8004B4536 /* RegisterView.swift */ = {isa = PBXFileReference; lastKnownFileType = sourcecode.swift; path = RegisterView.swift; sourceTree = "<group>"; };
		1ED0B0942867C756004B4536 /* ExtensionManager.swift */ = {isa = PBXFileReference; lastKnownFileType = sourcecode.swift; path = ExtensionManager.swift; sourceTree = "<group>"; };
/* End PBXFileReference section */

/* Begin PBXFrameworksBuildPhase section */
		1ED0B06A28652D3F004B4536 /* Frameworks */ = {
			isa = PBXFrameworksBuildPhase;
			buildActionMask = 2147483647;
			files = (
				1ED0B08928653F4C004B4536 /* HealthKit.framework in Frameworks */,
			);
			runOnlyForDeploymentPostprocessing = 0;
		};
/* End PBXFrameworksBuildPhase section */

/* Begin PBXGroup section */
		1E06BD1B286D366300CF083B /* CalendarViews */ = {
			isa = PBXGroup;
			children = (
				1E06BD1C286D36AA00CF083B /* MonthView.swift */,
				1E06BD1E286D37C700CF083B /* WeekView.swift */,
				1E06BD20286D37F400CF083B /* CalendarView.swift */,
			);
			path = CalendarViews;
			sourceTree = "<group>";
		};
		1ED0B06428652D3F004B4536 = {
			isa = PBXGroup;
			children = (
				1ED0B06F28652D40004B4536 /* backgrounds */,
				1ED0B06E28652D40004B4536 /* Products */,
				1ED0B08728653F4C004B4536 /* Frameworks */,
			);
			sourceTree = "<group>";
		};
		1ED0B06E28652D40004B4536 /* Products */ = {
			isa = PBXGroup;
			children = (
				1ED0B06D28652D40004B4536 /* backgrounds.app */,
			);
			name = Products;
			sourceTree = "<group>";
		};
		1ED0B06F28652D40004B4536 /* backgrounds */ = {
			isa = PBXGroup;
			children = (
				1ED0B08628653F4B004B4536 /* backgrounds.entitlements */,
				1ED0B08128652EA5004B4536 /* Views */,
				1ED0B07E28652E4F004B4536 /* Managers */,
				1ED0B07028652D40004B4536 /* backgroundsApp.swift */,
				1ED0B07428652D42004B4536 /* Assets.xcassets */,
				1ED0B07628652D42004B4536 /* Preview Content */,
			);
			path = backgrounds;
			sourceTree = "<group>";
		};
		1ED0B07628652D42004B4536 /* Preview Content */ = {
			isa = PBXGroup;
			children = (
				1ED0B07728652D42004B4536 /* Preview Assets.xcassets */,
			);
			path = "Preview Content";
			sourceTree = "<group>";
		};
		1ED0B07E28652E4F004B4536 /* Managers */ = {
			isa = PBXGroup;
			children = (
				1ED0B07F28652E80004B4536 /* HealthstoreManager.swift */,
				1ED0B08C2867A400004B4536 /* UtilityManager.swift */,
				1ED0B08E2867A7D7004B4536 /* DefaultsManager.swift */,
				1ED0B0902867AEEA004B4536 /* ConstantKeysManager.swift */,
				1ED0B0942867C756004B4536 /* ExtensionManager.swift */,
				1E17A33C2868D33100039D24 /* EnumManager.swift */,
			);
			path = Managers;
			sourceTree = "<group>";
		};
		1ED0B08128652EA5004B4536 /* Views */ = {
			isa = PBXGroup;
			children = (
				1E06BD1B286D366300CF083B /* CalendarViews */,
				1ED0B07228652D40004B4536 /* ContentView.swift */,
				1ED0B08228652F0E004B4536 /* WelcomeView.swift */,
				1ED0B0842865323E004B4536 /* InformationView.swift */,
				1ED0B08A28653FA7004B4536 /* InaccessibleView.swift */,
				1ED0B0922867AFF8004B4536 /* RegisterView.swift */,
				1E06BD19286D201300CF083B /* CalView.swift */,
				1E06BD22286D3F5900CF083B /* WorkoutMonthView.swift */,
			);
			path = Views;
			sourceTree = "<group>";
		};
		1ED0B08728653F4C004B4536 /* Frameworks */ = {
			isa = PBXGroup;
			children = (
				1ED0B08828653F4C004B4536 /* HealthKit.framework */,
			);
			name = Frameworks;
			sourceTree = "<group>";
		};
/* End PBXGroup section */

/* Begin PBXNativeTarget section */
		1ED0B06C28652D3F004B4536 /* backgrounds */ = {
			isa = PBXNativeTarget;
			buildConfigurationList = 1ED0B07B28652D42004B4536 /* Build configuration list for PBXNativeTarget "backgrounds" */;
			buildPhases = (
				1ED0B06928652D3F004B4536 /* Sources */,
				1ED0B06A28652D3F004B4536 /* Frameworks */,
				1ED0B06B28652D3F004B4536 /* Resources */,
			);
			buildRules = (
			);
			dependencies = (
			);
			name = backgrounds;
			productName = backgrounds;
			productReference = 1ED0B06D28652D40004B4536 /* backgrounds.app */;
			productType = "com.apple.product-type.application";
		};
/* End PBXNativeTarget section */

/* Begin PBXProject section */
		1ED0B06528652D3F004B4536 /* Project object */ = {
			isa = PBXProject;
			attributes = {
				BuildIndependentTargetsInParallel = 1;
				LastSwiftUpdateCheck = 1330;
				LastUpgradeCheck = 1330;
				TargetAttributes = {
					1ED0B06C28652D3F004B4536 = {
						CreatedOnToolsVersion = 13.3.1;
					};
				};
			};
			buildConfigurationList = 1ED0B06828652D3F004B4536 /* Build configuration list for PBXProject "backgrounds" */;
			compatibilityVersion = "Xcode 13.0";
			developmentRegion = en;
			hasScannedForEncodings = 0;
			knownRegions = (
				en,
				Base,
			);
			mainGroup = 1ED0B06428652D3F004B4536;
			productRefGroup = 1ED0B06E28652D40004B4536 /* Products */;
			projectDirPath = "";
			projectRoot = "";
			targets = (
				1ED0B06C28652D3F004B4536 /* backgrounds */,
			);
		};
/* End PBXProject section */

/* Begin PBXResourcesBuildPhase section */
		1ED0B06B28652D3F004B4536 /* Resources */ = {
			isa = PBXResourcesBuildPhase;
			buildActionMask = 2147483647;
			files = (
				1ED0B07828652D42004B4536 /* Preview Assets.xcassets in Resources */,
				1ED0B07528652D42004B4536 /* Assets.xcassets in Resources */,
			);
			runOnlyForDeploymentPostprocessing = 0;
		};
/* End PBXResourcesBuildPhase section */

/* Begin PBXSourcesBuildPhase section */
		1ED0B06928652D3F004B4536 /* Sources */ = {
			isa = PBXSourcesBuildPhase;
			buildActionMask = 2147483647;
			files = (
				1ED0B08328652F0E004B4536 /* WelcomeView.swift in Sources */,
				1ED0B0932867AFF8004B4536 /* RegisterView.swift in Sources */,
				1E06BD21286D37F400CF083B /* CalendarView.swift in Sources */,
				1ED0B0852865323E004B4536 /* InformationView.swift in Sources */,
				1ED0B07328652D40004B4536 /* ContentView.swift in Sources */,
				1ED0B0952867C757004B4536 /* ExtensionManager.swift in Sources */,
				1ED0B08F2867A7D7004B4536 /* DefaultsManager.swift in Sources */,
				1E06BD1F286D37C700CF083B /* WeekView.swift in Sources */,
				1ED0B07128652D40004B4536 /* backgroundsApp.swift in Sources */,
				1ED0B0912867AEEA004B4536 /* ConstantKeysManager.swift in Sources */,
				1E17A33D2868D33100039D24 /* EnumManager.swift in Sources */,
				1ED0B08D2867A400004B4536 /* UtilityManager.swift in Sources */,
				1ED0B08028652E80004B4536 /* HealthstoreManager.swift in Sources */,
				1E06BD1A286D201300CF083B /* CalView.swift in Sources */,
				1E06BD23286D3F5900CF083B /* WorkoutMonthView.swift in Sources */,
				1ED0B08B28653FA7004B4536 /* InaccessibleView.swift in Sources */,
				1E06BD1D286D36AA00CF083B /* MonthView.swift in Sources */,
			);
			runOnlyForDeploymentPostprocessing = 0;
		};
/* End PBXSourcesBuildPhase section */

/* Begin XCBuildConfiguration section */
		1ED0B07928652D42004B4536 /* Debug */ = {
			isa = XCBuildConfiguration;
			buildSettings = {
				ALWAYS_SEARCH_USER_PATHS = NO;
				CLANG_ANALYZER_NONNULL = YES;
				CLANG_ANALYZER_NUMBER_OBJECT_CONVERSION = YES_AGGRESSIVE;
				CLANG_CXX_LANGUAGE_STANDARD = "gnu++17";
				CLANG_ENABLE_MODULES = YES;
				CLANG_ENABLE_OBJC_ARC = YES;
				CLANG_ENABLE_OBJC_WEAK = YES;
				CLANG_WARN_BLOCK_CAPTURE_AUTORELEASING = YES;
				CLANG_WARN_BOOL_CONVERSION = YES;
				CLANG_WARN_COMMA = YES;
				CLANG_WARN_CONSTANT_CONVERSION = YES;
				CLANG_WARN_DEPRECATED_OBJC_IMPLEMENTATIONS = YES;
				CLANG_WARN_DIRECT_OBJC_ISA_USAGE = YES_ERROR;
				CLANG_WARN_DOCUMENTATION_COMMENTS = YES;
				CLANG_WARN_EMPTY_BODY = YES;
				CLANG_WARN_ENUM_CONVERSION = YES;
				CLANG_WARN_INFINITE_RECURSION = YES;
				CLANG_WARN_INT_CONVERSION = YES;
				CLANG_WARN_NON_LITERAL_NULL_CONVERSION = YES;
				CLANG_WARN_OBJC_IMPLICIT_RETAIN_SELF = YES;
				CLANG_WARN_OBJC_LITERAL_CONVERSION = YES;
				CLANG_WARN_OBJC_ROOT_CLASS = YES_ERROR;
				CLANG_WARN_QUOTED_INCLUDE_IN_FRAMEWORK_HEADER = YES;
				CLANG_WARN_RANGE_LOOP_ANALYSIS = YES;
				CLANG_WARN_STRICT_PROTOTYPES = YES;
				CLANG_WARN_SUSPICIOUS_MOVE = YES;
				CLANG_WARN_UNGUARDED_AVAILABILITY = YES_AGGRESSIVE;
				CLANG_WARN_UNREACHABLE_CODE = YES;
				CLANG_WARN__DUPLICATE_METHOD_MATCH = YES;
				COPY_PHASE_STRIP = NO;
				DEBUG_INFORMATION_FORMAT = dwarf;
				ENABLE_STRICT_OBJC_MSGSEND = YES;
				ENABLE_TESTABILITY = YES;
				GCC_C_LANGUAGE_STANDARD = gnu11;
				GCC_DYNAMIC_NO_PIC = NO;
				GCC_NO_COMMON_BLOCKS = YES;
				GCC_OPTIMIZATION_LEVEL = 0;
				GCC_PREPROCESSOR_DEFINITIONS = (
					"DEBUG=1",
					"$(inherited)",
				);
				GCC_WARN_64_TO_32_BIT_CONVERSION = YES;
				GCC_WARN_ABOUT_RETURN_TYPE = YES_ERROR;
				GCC_WARN_UNDECLARED_SELECTOR = YES;
				GCC_WARN_UNINITIALIZED_AUTOS = YES_AGGRESSIVE;
				GCC_WARN_UNUSED_FUNCTION = YES;
				GCC_WARN_UNUSED_VARIABLE = YES;
				IPHONEOS_DEPLOYMENT_TARGET = 15.4;
				MTL_ENABLE_DEBUG_INFO = INCLUDE_SOURCE;
				MTL_FAST_MATH = YES;
				ONLY_ACTIVE_ARCH = YES;
				SDKROOT = iphoneos;
				SWIFT_ACTIVE_COMPILATION_CONDITIONS = DEBUG;
				SWIFT_OPTIMIZATION_LEVEL = "-Onone";
			};
			name = Debug;
		};
		1ED0B07A28652D42004B4536 /* Release */ = {
			isa = XCBuildConfiguration;
			buildSettings = {
				ALWAYS_SEARCH_USER_PATHS = NO;
				CLANG_ANALYZER_NONNULL = YES;
				CLANG_ANALYZER_NUMBER_OBJECT_CONVERSION = YES_AGGRESSIVE;
				CLANG_CXX_LANGUAGE_STANDARD = "gnu++17";
				CLANG_ENABLE_MODULES = YES;
				CLANG_ENABLE_OBJC_ARC = YES;
				CLANG_ENABLE_OBJC_WEAK = YES;
				CLANG_WARN_BLOCK_CAPTURE_AUTORELEASING = YES;
				CLANG_WARN_BOOL_CONVERSION = YES;
				CLANG_WARN_COMMA = YES;
				CLANG_WARN_CONSTANT_CONVERSION = YES;
				CLANG_WARN_DEPRECATED_OBJC_IMPLEMENTATIONS = YES;
				CLANG_WARN_DIRECT_OBJC_ISA_USAGE = YES_ERROR;
				CLANG_WARN_DOCUMENTATION_COMMENTS = YES;
				CLANG_WARN_EMPTY_BODY = YES;
				CLANG_WARN_ENUM_CONVERSION = YES;
				CLANG_WARN_INFINITE_RECURSION = YES;
				CLANG_WARN_INT_CONVERSION = YES;
				CLANG_WARN_NON_LITERAL_NULL_CONVERSION = YES;
				CLANG_WARN_OBJC_IMPLICIT_RETAIN_SELF = YES;
				CLANG_WARN_OBJC_LITERAL_CONVERSION = YES;
				CLANG_WARN_OBJC_ROOT_CLASS = YES_ERROR;
				CLANG_WARN_QUOTED_INCLUDE_IN_FRAMEWORK_HEADER = YES;
				CLANG_WARN_RANGE_LOOP_ANALYSIS = YES;
				CLANG_WARN_STRICT_PROTOTYPES = YES;
				CLANG_WARN_SUSPICIOUS_MOVE = YES;
				CLANG_WARN_UNGUARDED_AVAILABILITY = YES_AGGRESSIVE;
				CLANG_WARN_UNREACHABLE_CODE = YES;
				CLANG_WARN__DUPLICATE_METHOD_MATCH = YES;
				COPY_PHASE_STRIP = NO;
				DEBUG_INFORMATION_FORMAT = "dwarf-with-dsym";
				ENABLE_NS_ASSERTIONS = NO;
				ENABLE_STRICT_OBJC_MSGSEND = YES;
				GCC_C_LANGUAGE_STANDARD = gnu11;
				GCC_NO_COMMON_BLOCKS = YES;
				GCC_WARN_64_TO_32_BIT_CONVERSION = YES;
				GCC_WARN_ABOUT_RETURN_TYPE = YES_ERROR;
				GCC_WARN_UNDECLARED_SELECTOR = YES;
				GCC_WARN_UNINITIALIZED_AUTOS = YES_AGGRESSIVE;
				GCC_WARN_UNUSED_FUNCTION = YES;
				GCC_WARN_UNUSED_VARIABLE = YES;
				IPHONEOS_DEPLOYMENT_TARGET = 15.4;
				MTL_ENABLE_DEBUG_INFO = NO;
				MTL_FAST_MATH = YES;
				SDKROOT = iphoneos;
				SWIFT_COMPILATION_MODE = wholemodule;
				SWIFT_OPTIMIZATION_LEVEL = "-O";
				VALIDATE_PRODUCT = YES;
			};
			name = Release;
		};
		1ED0B07C28652D42004B4536 /* Debug */ = {
			isa = XCBuildConfiguration;
			buildSettings = {
				ASSETCATALOG_COMPILER_APPICON_NAME = AppIcon;
				ASSETCATALOG_COMPILER_GLOBAL_ACCENT_COLOR_NAME = AccentColor;
				CODE_SIGN_ENTITLEMENTS = backgrounds/backgrounds.entitlements;
				CODE_SIGN_STYLE = Automatic;
				CURRENT_PROJECT_VERSION = 1;
				DEVELOPMENT_ASSET_PATHS = "\"backgrounds/Preview Content\"";
				DEVELOPMENT_TEAM = 3VUKUCDN57;
				ENABLE_PREVIEWS = YES;
				GENERATE_INFOPLIST_FILE = YES;
				INFOPLIST_KEY_NSHealthShareUsageDescription = "backgrounds will read certain categories of your health data to organize the information for you.";
				INFOPLIST_KEY_NSHealthUpdateUsageDescription = "backgrounds may update your health data in certain scenarios.";
				INFOPLIST_KEY_UIApplicationSceneManifest_Generation = YES;
				INFOPLIST_KEY_UIApplicationSupportsIndirectInputEvents = YES;
				INFOPLIST_KEY_UILaunchScreen_Generation = YES;
				INFOPLIST_KEY_UISupportedInterfaceOrientations = UIInterfaceOrientationPortrait;
				INFOPLIST_KEY_UISupportedInterfaceOrientations_iPad = "UIInterfaceOrientationPortrait UIInterfaceOrientationPortraitUpsideDown UIInterfaceOrientationLandscapeLeft UIInterfaceOrientationLandscapeRight";
				INFOPLIST_KEY_UISupportedInterfaceOrientations_iPhone = "UIInterfaceOrientationPortrait UIInterfaceOrientationLandscapeLeft UIInterfaceOrientationLandscapeRight";
				LD_RUNPATH_SEARCH_PATHS = (
					"$(inherited)",
					"@executable_path/Frameworks",
				);
				MARKETING_VERSION = 1.0;
				PRODUCT_BUNDLE_IDENTIFIER = "com.visu-dev.backgrounds";
				PRODUCT_NAME = "$(TARGET_NAME)";
				SWIFT_EMIT_LOC_STRINGS = YES;
				SWIFT_VERSION = 5.0;
				TARGETED_DEVICE_FAMILY = 1;
			};
			name = Debug;
		};
		1ED0B07D28652D42004B4536 /* Release */ = {
			isa = XCBuildConfiguration;
			buildSettings = {
				ASSETCATALOG_COMPILER_APPICON_NAME = AppIcon;
				ASSETCATALOG_COMPILER_GLOBAL_ACCENT_COLOR_NAME = AccentColor;
				CODE_SIGN_ENTITLEMENTS = backgrounds/backgrounds.entitlements;
				CODE_SIGN_STYLE = Automatic;
				CURRENT_PROJECT_VERSION = 1;
				DEVELOPMENT_ASSET_PATHS = "\"backgrounds/Preview Content\"";
				DEVELOPMENT_TEAM = 3VUKUCDN57;
				ENABLE_PREVIEWS = YES;
				GENERATE_INFOPLIST_FILE = YES;
				INFOPLIST_KEY_NSHealthShareUsageDescription = "backgrounds will read certain categories of your health data to organize the information for you.";
				INFOPLIST_KEY_NSHealthUpdateUsageDescription = "backgrounds may update your health data in certain scenarios.";
				INFOPLIST_KEY_UIApplicationSceneManifest_Generation = YES;
				INFOPLIST_KEY_UIApplicationSupportsIndirectInputEvents = YES;
				INFOPLIST_KEY_UILaunchScreen_Generation = YES;
				INFOPLIST_KEY_UISupportedInterfaceOrientations = UIInterfaceOrientationPortrait;
				INFOPLIST_KEY_UISupportedInterfaceOrientations_iPad = "UIInterfaceOrientationPortrait UIInterfaceOrientationPortraitUpsideDown UIInterfaceOrientationLandscapeLeft UIInterfaceOrientationLandscapeRight";
				INFOPLIST_KEY_UISupportedInterfaceOrientations_iPhone = "UIInterfaceOrientationPortrait UIInterfaceOrientationLandscapeLeft UIInterfaceOrientationLandscapeRight";
				LD_RUNPATH_SEARCH_PATHS = (
					"$(inherited)",
					"@executable_path/Frameworks",
				);
				MARKETING_VERSION = 1.0;
				PRODUCT_BUNDLE_IDENTIFIER = "com.visu-dev.backgrounds";
				PRODUCT_NAME = "$(TARGET_NAME)";
				SWIFT_EMIT_LOC_STRINGS = YES;
				SWIFT_VERSION = 5.0;
				TARGETED_DEVICE_FAMILY = 1;
			};
			name = Release;
		};
/* End XCBuildConfiguration section */

/* Begin XCConfigurationList section */
		1ED0B06828652D3F004B4536 /* Build configuration list for PBXProject "backgrounds" */ = {
			isa = XCConfigurationList;
			buildConfigurations = (
				1ED0B07928652D42004B4536 /* Debug */,
				1ED0B07A28652D42004B4536 /* Release */,
			);
			defaultConfigurationIsVisible = 0;
			defaultConfigurationName = Release;
		};
		1ED0B07B28652D42004B4536 /* Build configuration list for PBXNativeTarget "backgrounds" */ = {
			isa = XCConfigurationList;
			buildConfigurations = (
				1ED0B07C28652D42004B4536 /* Debug */,
				1ED0B07D28652D42004B4536 /* Release */,
			);
			defaultConfigurationIsVisible = 0;
			defaultConfigurationName = Release;
		};
/* End XCConfigurationList section */
	};
	rootObject = 1ED0B06528652D3F004B4536 /* Project object */;
}
